# This file is autogenerated, do not edit; changes may be undone by the next 'dep ensure'.


[[projects]]
  branch = "master"
  name = "github.com/mattn/go-zglob"
  packages = [
    ".",
    "fastwalk"
  ]
  revision = "49693fbb3fe3c3a75fc4e4d6fb1d7cedcbdeb385"

[[projects]]
  name = "github.com/pkg/errors"
  packages = ["."]
  revision = "645ef00459ed84a119197bfb8d8205042c6df63d"
  version = "v0.8.0"

[[projects]]
  name = "github.com/urfave/cli"
  packages = ["."]
  revision = "cfb38830724cc34fedffe9a2a29fb54fa9169cd1"
  version = "v1.20.0"

[solve-meta]
  analyzer-name = "dep"
  analyzer-version = 1
  inputs-digest = "9445f37ea7e292ec1c8bb45d896168223c499a70343a7a540232e88d5babcdfb"
  solver-name = "gps-cdcl"
  solver-version = 1
